{
  "name": "roguelike-tutorial",
  "requires": true,
  "lockfileVersion": 1,
  "dependencies": {
    "overprint": {
      "version": "0.7.6",
      "resolved": "https://registry.npmjs.org/overprint/-/overprint-0.7.6.tgz",
      "integrity": "sha512-kPzXrF0TYyU+XqtbhPeBSXp67H2Oq7Tcl6cf+Vm/jYksIM4JIdBy1CIOI0UOlOwB/+M/IMfwzuZNZJ44+jKS4g=="
    }
  }
}
